// !$*UTF8*$!
{
	archiveVersion = 1;
	classes = {
	};
	objectVersion = 56;
	objects = {

/* Begin PBXBuildFile section */
		0E48CF402A2E9861009228DF /* AppDelegate.swift in Sources */ = {isa = PBXBuildFile; fileRef = 0E48CF3F2A2E9861009228DF /* AppDelegate.swift */; };
		0E48CF422A2E9861009228DF /* SceneDelegate.swift in Sources */ = {isa = PBXBuildFile; fileRef = 0E48CF412A2E9861009228DF /* SceneDelegate.swift */; };
		0E48CF442A2E9861009228DF /* ViewController.swift in Sources */ = {isa = PBXBuildFile; fileRef = 0E48CF432A2E9861009228DF /* ViewController.swift */; };
		0E48CF492A2E9862009228DF /* Assets.xcassets in Resources */ = {isa = PBXBuildFile; fileRef = 0E48CF482A2E9862009228DF /* Assets.xcassets */; };
		0E48CF4C2A2E9862009228DF /* LaunchScreen.storyboard in Resources */ = {isa = PBXBuildFile; fileRef = 0E48CF4A2A2E9862009228DF /* LaunchScreen.storyboard */; };
		0E48CF5A2A2E9C6E009228DF /* MainTabBarController.swift in Sources */ = {isa = PBXBuildFile; fileRef = 0E48CF592A2E9C6E009228DF /* MainTabBarController.swift */; };
		0E48CF5C2A2E9F15009228DF /* Colors.swift in Sources */ = {isa = PBXBuildFile; fileRef = 0E48CF5B2A2E9F15009228DF /* Colors.swift */; };
/* End PBXBuildFile section */

/* Begin PBXFileReference section */
		0E48CF3C2A2E9861009228DF /* MyRadio.app */ = {isa = PBXFileReference; explicitFileType = wrapper.application; includeInIndex = 0; path = MyRadio.app; sourceTree = BUILT_PRODUCTS_DIR; };
		0E48CF3F2A2E9861009228DF /* AppDelegate.swift */ = {isa = PBXFileReference; lastKnownFileType = sourcecode.swift; path = AppDelegate.swift; sourceTree = "<group>"; };
		0E48CF412A2E9861009228DF /* SceneDelegate.swift */ = {isa = PBXFileReference; lastKnownFileType = sourcecode.swift; path = SceneDelegate.swift; sourceTree = "<group>"; };
		0E48CF432A2E9861009228DF /* ViewController.swift */ = {isa = PBXFileReference; lastKnownFileType = sourcecode.swift; path = ViewController.swift; sourceTree = "<group>"; };
		0E48CF482A2E9862009228DF /* Assets.xcassets */ = {isa = PBXFileReference; lastKnownFileType = folder.assetcatalog; path = Assets.xcassets; sourceTree = "<group>"; };
		0E48CF4B2A2E9862009228DF /* Base */ = {isa = PBXFileReference; lastKnownFileType = file.storyboard; name = Base; path = Base.lproj/LaunchScreen.storyboard; sourceTree = "<group>"; };
		0E48CF4D2A2E9862009228DF /* Info.plist */ = {isa = PBXFileReference; lastKnownFileType = text.plist.xml; path = Info.plist; sourceTree = "<group>"; };
		0E48CF592A2E9C6E009228DF /* MainTabBarController.swift */ = {isa = PBXFileReference; lastKnownFileType = sourcecode.swift; path = MainTabBarController.swift; sourceTree = "<group>"; };
		0E48CF5B2A2E9F15009228DF /* Colors.swift */ = {isa = PBXFileReference; lastKnownFileType = sourcecode.swift; path = Colors.swift; sourceTree = "<group>"; };
/* End PBXFileReference section */

/* Begin PBXFrameworksBuildPhase section */
		0E48CF392A2E9861009228DF /* Frameworks */ = {
			isa = PBXFrameworksBuildPhase;
			buildActionMask = 2147483647;
			files = (
			);
			runOnlyForDeploymentPostprocessing = 0;
		};
/* End PBXFrameworksBuildPhase section */

/* Begin PBXGroup section */
		0E48CF332A2E9861009228DF = {
			isa = PBXGroup;
			children = (
				0E48CF3E2A2E9861009228DF /* MyRadio */,
				0E48CF3D2A2E9861009228DF /* Products */,
			);
			sourceTree = "<group>";
		};
		0E48CF3D2A2E9861009228DF /* Products */ = {
			isa = PBXGroup;
			children = (
				0E48CF3C2A2E9861009228DF /* MyRadio.app */,
			);
			name = Products;
			sourceTree = "<group>";
		};
		0E48CF3E2A2E9861009228DF /* MyRadio */ = {
			isa = PBXGroup;
			children = (
				0E48CF532A2E987C009228DF /* Application */,
				0E48CF552A2E9C28009228DF /* Presentation */,
				0E48CF4D2A2E9862009228DF /* Info.plist */,
				0E48CF542A2E988E009228DF /* Resources */,
			);
			path = MyRadio;
			sourceTree = "<group>";
		};
		0E48CF532A2E987C009228DF /* Application */ = {
			isa = PBXGroup;
			children = (
				0E48CF3F2A2E9861009228DF /* AppDelegate.swift */,
				0E48CF412A2E9861009228DF /* SceneDelegate.swift */,
				0E48CF4A2A2E9862009228DF /* LaunchScreen.storyboard */,
			);
			path = Application;
			sourceTree = "<group>";
		};
		0E48CF542A2E988E009228DF /* Resources */ = {
			isa = PBXGroup;
			children = (
				0E48CF482A2E9862009228DF /* Assets.xcassets */,
				0E48CF5B2A2E9F15009228DF /* Colors.swift */,
			);
			path = Resources;
			sourceTree = "<group>";
		};
		0E48CF552A2E9C28009228DF /* Presentation */ = {
			isa = PBXGroup;
			children = (
				0E48CF582A2E9C58009228DF /* Navigation */,
				0E48CF562A2E9C3E009228DF /* Views */,
			);
			path = Presentation;
			sourceTree = "<group>";
		};
		0E48CF562A2E9C3E009228DF /* Views */ = {
			isa = PBXGroup;
			children = (
				0E48CF572A2E9C45009228DF /* Controllers */,
			);
			path = Views;
			sourceTree = "<group>";
		};
		0E48CF572A2E9C45009228DF /* Controllers */ = {
			isa = PBXGroup;
			children = (
				0E48CF432A2E9861009228DF /* ViewController.swift */,
			);
			path = Controllers;
			sourceTree = "<group>";
		};
		0E48CF582A2E9C58009228DF /* Navigation */ = {
			isa = PBXGroup;
			children = (
				0E48CF592A2E9C6E009228DF /* MainTabBarController.swift */,
			);
			path = Navigation;
			sourceTree = "<group>";
		};
/* End PBXGroup section */

/* Begin PBXNativeTarget section */
		0E48CF3B2A2E9861009228DF /* MyRadio */ = {
			isa = PBXNativeTarget;
			buildConfigurationList = 0E48CF502A2E9862009228DF /* Build configuration list for PBXNativeTarget "MyRadio" */;
			buildPhases = (
				0E48CF382A2E9861009228DF /* Sources */,
				0E48CF392A2E9861009228DF /* Frameworks */,
				0E48CF3A2A2E9861009228DF /* Resources */,
			);
			buildRules = (
			);
			dependencies = (
			);
			name = MyRadio;
			productName = MyRadio;
			productReference = 0E48CF3C2A2E9861009228DF /* MyRadio.app */;
			productType = "com.apple.product-type.application";
		};
/* End PBXNativeTarget section */

/* Begin PBXProject section */
		0E48CF342A2E9861009228DF /* Project object */ = {
			isa = PBXProject;
			attributes = {
				BuildIndependentTargetsInParallel = 1;
				LastSwiftUpdateCheck = 1430;
				LastUpgradeCheck = 1430;
				TargetAttributes = {
					0E48CF3B2A2E9861009228DF = {
						CreatedOnToolsVersion = 14.3.1;
					};
				};
			};
			buildConfigurationList = 0E48CF372A2E9861009228DF /* Build configuration list for PBXProject "MyRadio" */;
			compatibilityVersion = "Xcode 14.0";
			developmentRegion = en;
			hasScannedForEncodings = 0;
			knownRegions = (
				en,
				Base,
			);
			mainGroup = 0E48CF332A2E9861009228DF;
			productRefGroup = 0E48CF3D2A2E9861009228DF /* Products */;
			projectDirPath = "";
			projectRoot = "";
			targets = (
				0E48CF3B2A2E9861009228DF /* MyRadio */,
			);
		};
/* End PBXProject section */

/* Begin PBXResourcesBuildPhase section */
		0E48CF3A2A2E9861009228DF /* Resources */ = {
			isa = PBXResourcesBuildPhase;
			buildActionMask = 2147483647;
			files = (
				0E48CF4C2A2E9862009228DF /* LaunchScreen.storyboard in Resources */,
				0E48CF492A2E9862009228DF /* Assets.xcassets in Resources */,
			);
			runOnlyForDeploymentPostprocessing = 0;
		};
/* End PBXResourcesBuildPhase section */

/* Begin PBXSourcesBuildPhase section */
		0E48CF382A2E9861009228DF /* Sources */ = {
			isa = PBXSourcesBuildPhase;
			buildActionMask = 2147483647;
			files = (
				0E48CF442A2E9861009228DF /* ViewController.swift in Sources */,
				0E48CF5C2A2E9F15009228DF /* Colors.swift in Sources */,
				0E48CF402A2E9861009228DF /* AppDelegate.swift in Sources */,
				0E48CF5A2A2E9C6E009228DF /* MainTabBarController.swift in Sources */,
				0E48CF422A2E9861009228DF /* SceneDelegate.swift in Sources */,
			);
			runOnlyForDeploymentPostprocessing = 0;
		};
/* End PBXSourcesBuildPhase section */

/* Begin PBXVariantGroup section */
		0E48CF4A2A2E9862009228DF /* LaunchScreen.storyboard */ = {
			isa = PBXVariantGroup;
			children = (
				0E48CF4B2A2E9862009228DF /* Base */,
			);
			name = LaunchScreen.storyboard;
			sourceTree = "<group>";
		};
/* End PBXVariantGroup section */

/* Begin XCBuildConfiguration section */
		0E48CF4E2A2E9862009228DF /* Debug */ = {
			isa = XCBuildConfiguration;
			buildSettings = {
				ALWAYS_SEARCH_USER_PATHS = NO;
				CLANG_ANALYZER_NONNULL = YES;
				CLANG_ANALYZER_NUMBER_OBJECT_CONVERSION = YES_AGGRESSIVE;
				CLANG_CXX_LANGUAGE_STANDARD = "gnu++20";
				CLANG_ENABLE_MODULES = YES;
				CLANG_ENABLE_OBJC_ARC = YES;
				CLANG_ENABLE_OBJC_WEAK = YES;
				CLANG_WARN_BLOCK_CAPTURE_AUTORELEASING = YES;
				CLANG_WARN_BOOL_CONVERSION = YES;
				CLANG_WARN_COMMA = YES;
				CLANG_WARN_CONSTANT_CONVERSION = YES;
				CLANG_WARN_DEPRECATED_OBJC_IMPLEMENTATIONS = YES;
				CLANG_WARN_DIRECT_OBJC_ISA_USAGE = YES_ERROR;
				CLANG_WARN_DOCUMENTATION_COMMENTS = YES;
				CLANG_WARN_EMPTY_BODY = YES;
				CLANG_WARN_ENUM_CONVERSION = YES;
				CLANG_WARN_INFINITE_RECURSION = YES;
				CLANG_WARN_INT_CONVERSION = YES;
				CLANG_WARN_NON_LITERAL_NULL_CONVERSION = YES;
				CLANG_WARN_OBJC_IMPLICIT_RETAIN_SELF = YES;
				CLANG_WARN_OBJC_LITERAL_CONVERSION = YES;
				CLANG_WARN_OBJC_ROOT_CLASS = YES_ERROR;
				CLANG_WARN_QUOTED_INCLUDE_IN_FRAMEWORK_HEADER = YES;
				CLANG_WARN_RANGE_LOOP_ANALYSIS = YES;
				CLANG_WARN_STRICT_PROTOTYPES = YES;
				CLANG_WARN_SUSPICIOUS_MOVE = YES;
				CLANG_WARN_UNGUARDED_AVAILABILITY = YES_AGGRESSIVE;
				CLANG_WARN_UNREACHABLE_CODE = YES;
				CLANG_WARN__DUPLICATE_METHOD_MATCH = YES;
				COPY_PHASE_STRIP = NO;
				DEBUG_INFORMATION_FORMAT = dwarf;
				ENABLE_STRICT_OBJC_MSGSEND = YES;
				ENABLE_TESTABILITY = YES;
				GCC_C_LANGUAGE_STANDARD = gnu11;
				GCC_DYNAMIC_NO_PIC = NO;
				GCC_NO_COMMON_BLOCKS = YES;
				GCC_OPTIMIZATION_LEVEL = 0;
				GCC_PREPROCESSOR_DEFINITIONS = (
					"DEBUG=1",
					"$(inherited)",
				);
				GCC_WARN_64_TO_32_BIT_CONVERSION = YES;
				GCC_WARN_ABOUT_RETURN_TYPE = YES_ERROR;
				GCC_WARN_UNDECLARED_SELECTOR = YES;
				GCC_WARN_UNINITIALIZED_AUTOS = YES_AGGRESSIVE;
				GCC_WARN_UNUSED_FUNCTION = YES;
				GCC_WARN_UNUSED_VARIABLE = YES;
				IPHONEOS_DEPLOYMENT_TARGET = 16.4;
				MTL_ENABLE_DEBUG_INFO = INCLUDE_SOURCE;
				MTL_FAST_MATH = YES;
				ONLY_ACTIVE_ARCH = YES;
				SDKROOT = iphoneos;
				SWIFT_ACTIVE_COMPILATION_CONDITIONS = DEBUG;
				SWIFT_OPTIMIZATION_LEVEL = "-Onone";
			};
			name = Debug;
		};
		0E48CF4F2A2E9862009228DF /* Release */ = {
			isa = XCBuildConfiguration;
			buildSettings = {
				ALWAYS_SEARCH_USER_PATHS = NO;
				CLANG_ANALYZER_NONNULL = YES;
				CLANG_ANALYZER_NUMBER_OBJECT_CONVERSION = YES_AGGRESSIVE;
				CLANG_CXX_LANGUAGE_STANDARD = "gnu++20";
				CLANG_ENABLE_MODULES = YES;
				CLANG_ENABLE_OBJC_ARC = YES;
				CLANG_ENABLE_OBJC_WEAK = YES;
				CLANG_WARN_BLOCK_CAPTURE_AUTORELEASING = YES;
				CLANG_WARN_BOOL_CONVERSION = YES;
				CLANG_WARN_COMMA = YES;
				CLANG_WARN_CONSTANT_CONVERSION = YES;
				CLANG_WARN_DEPRECATED_OBJC_IMPLEMENTATIONS = YES;
				CLANG_WARN_DIRECT_OBJC_ISA_USAGE = YES_ERROR;
				CLANG_WARN_DOCUMENTATION_COMMENTS = YES;
				CLANG_WARN_EMPTY_BODY = YES;
				CLANG_WARN_ENUM_CONVERSION = YES;
				CLANG_WARN_INFINITE_RECURSION = YES;
				CLANG_WARN_INT_CONVERSION = YES;
				CLANG_WARN_NON_LITERAL_NULL_CONVERSION = YES;
				CLANG_WARN_OBJC_IMPLICIT_RETAIN_SELF = YES;
				CLANG_WARN_OBJC_LITERAL_CONVERSION = YES;
				CLANG_WARN_OBJC_ROOT_CLASS = YES_ERROR;
				CLANG_WARN_QUOTED_INCLUDE_IN_FRAMEWORK_HEADER = YES;
				CLANG_WARN_RANGE_LOOP_ANALYSIS = YES;
				CLANG_WARN_STRICT_PROTOTYPES = YES;
				CLANG_WARN_SUSPICIOUS_MOVE = YES;
				CLANG_WARN_UNGUARDED_AVAILABILITY = YES_AGGRESSIVE;
				CLANG_WARN_UNREACHABLE_CODE = YES;
				CLANG_WARN__DUPLICATE_METHOD_MATCH = YES;
				COPY_PHASE_STRIP = NO;
				DEBUG_INFORMATION_FORMAT = "dwarf-with-dsym";
				ENABLE_NS_ASSERTIONS = NO;
				ENABLE_STRICT_OBJC_MSGSEND = YES;
				GCC_C_LANGUAGE_STANDARD = gnu11;
				GCC_NO_COMMON_BLOCKS = YES;
				GCC_WARN_64_TO_32_BIT_CONVERSION = YES;
				GCC_WARN_ABOUT_RETURN_TYPE = YES_ERROR;
				GCC_WARN_UNDECLARED_SELECTOR = YES;
				GCC_WARN_UNINITIALIZED_AUTOS = YES_AGGRESSIVE;
				GCC_WARN_UNUSED_FUNCTION = YES;
				GCC_WARN_UNUSED_VARIABLE = YES;
				IPHONEOS_DEPLOYMENT_TARGET = 16.4;
				MTL_ENABLE_DEBUG_INFO = NO;
				MTL_FAST_MATH = YES;
				SDKROOT = iphoneos;
				SWIFT_COMPILATION_MODE = wholemodule;
				SWIFT_OPTIMIZATION_LEVEL = "-O";
				VALIDATE_PRODUCT = YES;
			};
			name = Release;
		};
		0E48CF512A2E9862009228DF /* Debug */ = {
			isa = XCBuildConfiguration;
			buildSettings = {
				ASSETCATALOG_COMPILER_APPICON_NAME = AppIcon;
				ASSETCATALOG_COMPILER_GLOBAL_ACCENT_COLOR_NAME = AccentColor;
				CODE_SIGN_STYLE = Automatic;
				CURRENT_PROJECT_VERSION = 1;
				DEVELOPMENT_TEAM = G56833V6RD;
				GENERATE_INFOPLIST_FILE = YES;
				INFOPLIST_FILE = MyRadio/Info.plist;
				INFOPLIST_KEY_UIApplicationSupportsIndirectInputEvents = YES;
				INFOPLIST_KEY_UILaunchStoryboardName = LaunchScreen;
				INFOPLIST_KEY_UISupportedInterfaceOrientations = UIInterfaceOrientationPortrait;
				INFOPLIST_KEY_UISupportedInterfaceOrientations_iPad = "UIInterfaceOrientationLandscapeLeft UIInterfaceOrientationLandscapeRight UIInterfaceOrientationPortrait UIInterfaceOrientationPortraitUpsideDown";
				IPHONEOS_DEPLOYMENT_TARGET = 13.0;
				LD_RUNPATH_SEARCH_PATHS = (
					"$(inherited)",
					"@executable_path/Frameworks",
				);
				MARKETING_VERSION = 1.0;
				PRODUCT_BUNDLE_IDENTIFIER = "vardant-it.MyRadio";
				PRODUCT_NAME = "$(TARGET_NAME)";
				SUPPORTED_PLATFORMS = "iphoneos iphonesimulator";
				SUPPORTS_MACCATALYST = NO;
				SUPPORTS_MAC_DESIGNED_FOR_IPHONE_IPAD = NO;
				SWIFT_EMIT_LOC_STRINGS = YES;
				SWIFT_VERSION = 5.0;
				TARGETED_DEVICE_FAMILY = 1;
			};
			name = Debug;
		};
		0E48CF522A2E9862009228DF /* Release */ = {
			isa = XCBuildConfiguration;
			buildSettings = {
				ASSETCATALOG_COMPILER_APPICON_NAME = AppIcon;
				ASSETCATALOG_COMPILER_GLOBAL_ACCENT_COLOR_NAME = AccentColor;
				CODE_SIGN_STYLE = Automatic;
				CURRENT_PROJECT_VERSION = 1;
				DEVELOPMENT_TEAM = G56833V6RD;
				GENERATE_INFOPLIST_FILE = YES;
				INFOPLIST_FILE = MyRadio/Info.plist;
				INFOPLIST_KEY_UIApplicationSupportsIndirectInputEvents = YES;
				INFOPLIST_KEY_UILaunchStoryboardName = LaunchScreen;
				INFOPLIST_KEY_UISupportedInterfaceOrientations = UIInterfaceOrientationPortrait;
				INFOPLIST_KEY_UISupportedInterfaceOrientations_iPad = "UIInterfaceOrientationLandscapeLeft UIInterfaceOrientationLandscapeRight UIInterfaceOrientationPortrait UIInterfaceOrientationPortraitUpsideDown";
				IPHONEOS_DEPLOYMENT_TARGET = 13.0;
				LD_RUNPATH_SEARCH_PATHS = (
					"$(inherited)",
					"@executable_path/Frameworks",
				);
				MARKETING_VERSION = 1.0;
				PRODUCT_BUNDLE_IDENTIFIER = "vardant-it.MyRadio";
				PRODUCT_NAME = "$(TARGET_NAME)";
				SUPPORTED_PLATFORMS = "iphoneos iphonesimulator";
				SUPPORTS_MACCATALYST = NO;
				SUPPORTS_MAC_DESIGNED_FOR_IPHONE_IPAD = NO;
				SWIFT_EMIT_LOC_STRINGS = YES;
				SWIFT_VERSION = 5.0;
				TARGETED_DEVICE_FAMILY = 1;
			};
			name = Release;
		};
/* End XCBuildConfiguration section */

/* Begin XCConfigurationList section */
		0E48CF372A2E9861009228DF /* Build configuration list for PBXProject "MyRadio" */ = {
			isa = XCConfigurationList;
			buildConfigurations = (
				0E48CF4E2A2E9862009228DF /* Debug */,
				0E48CF4F2A2E9862009228DF /* Release */,
			);
			defaultConfigurationIsVisible = 0;
			defaultConfigurationName = Release;
		};
		0E48CF502A2E9862009228DF /* Build configuration list for PBXNativeTarget "MyRadio" */ = {
			isa = XCConfigurationList;
			buildConfigurations = (
				0E48CF512A2E9862009228DF /* Debug */,
				0E48CF522A2E9862009228DF /* Release */,
			);
			defaultConfigurationIsVisible = 0;
			defaultConfigurationName = Release;
		};
/* End XCConfigurationList section */
	};
	rootObject = 0E48CF342A2E9861009228DF /* Project object */;
}
